# THIS IS AN AUTOGENERATED FILE. DO NOT EDIT THIS FILE DIRECTLY.
# yarn lockfile v1


eslint-config-airbnb-base@^7.2.0:
  version "7.2.0"
  resolved "https://registry.yarnpkg.com/eslint-config-airbnb-base/-/eslint-config-airbnb-base-7.2.0.tgz#1a2ff77cc5d4abc2e1c5daebe4106fce95ff7c2a"

eslint-config-airbnb@11.2.0:
  version "11.2.0"
  resolved "https://registry.yarnpkg.com/eslint-config-airbnb/-/eslint-config-airbnb-11.2.0.tgz#a0930ed7891e824e1b3e436cdf9754c815a2920c"
  dependencies:
    eslint-config-airbnb-base "^7.2.0"
